
Microsoft Visual Studio Solution File, Format Version 12.00
# Visual Studio Version 17
VisualStudioVersion = 17.6.33712.159
MinimumVisualStudioVersion = 10.0.40219.1
Project("{9A19103F-16F7-4668-BE54-9A1E7A4F7556}") = "Valery-s-WebDungeon", "Valery-s-WebDungeon\Valery-s-WebDungeon.csproj", "{BB8889D2-C1A8-4021-A04E-E277B281F657}"
EndProject
Global
	GlobalSection(SolutionConfigurationPlatforms) = preSolution
		Debug|Any CPU = Debug|Any CPU
		Release|Any CPU = Release|Any CPU
	EndGlobalSection
	GlobalSection(ProjectConfigurationPlatforms) = postSolution
		{BB8889D2-C1A8-4021-A04E-E277B281F657}.Debug|Any CPU.ActiveCfg = Debug|Any CPU
		{BB8889D2-C1A8-4021-A04E-E277B281F657}.Debug|Any CPU.Build.0 = Debug|Any CPU
		{BB8889D2-C1A8-4021-A04E-E277B281F657}.Release|Any CPU.ActiveCfg = Release|Any CPU
		{BB8889D2-C1A8-4021-A04E-E277B281F657}.Release|Any CPU.Build.0 = Release|Any CPU
	EndGlobalSection
	GlobalSection(SolutionProperties) = preSolution
		HideSolutionNode = FALSE
	EndGlobalSection
	GlobalSection(ExtensibilityGlobals) = postSolution
		SolutionGuid = {279D3BD1-6618-4F54-8C6F-EFCE42AA40B9}
	EndGlobalSection
EndGlobal
